
Microsoft Visual Studio Solution File, Format Version 12.00
# Visual Studio Version 16
VisualStudioVersion = 16.0.30225.117
MinimumVisualStudioVersion = 10.0.40219.1
Project("{FAE04EC0-301F-11D3-BF4B-00C04F79EFBC}") = "ConvertImgToQuery", "ConvertImgToQuery\ConvertImgToQuery.csproj", "{51040FD7-F9DF-4CEA-8D15-CB3C0839165D}"
EndProject
Global
	GlobalSection(SolutionConfigurationPlatforms) = preSolution
		Debug|Any CPU = Debug|Any CPU
		Release|Any CPU = Release|Any CPU
	EndGlobalSection
	GlobalSection(ProjectConfigurationPlatforms) = postSolution
		{51040FD7-F9DF-4CEA-8D15-CB3C0839165D}.Debug|Any CPU.ActiveCfg = Debug|Any CPU
		{51040FD7-F9DF-4CEA-8D15-CB3C0839165D}.Debug|Any CPU.Build.0 = Debug|Any CPU
		{51040FD7-F9DF-4CEA-8D15-CB3C0839165D}.Release|Any CPU.ActiveCfg = Release|Any CPU
		{51040FD7-F9DF-4CEA-8D15-CB3C0839165D}.Release|Any CPU.Build.0 = Release|Any CPU
	EndGlobalSection
	GlobalSection(SolutionProperties) = preSolution
		HideSolutionNode = FALSE
	EndGlobalSection
	GlobalSection(ExtensibilityGlobals) = postSolution
		SolutionGuid = {578D360D-1585-48A0-969F-D32A51294A03}
	EndGlobalSection
EndGlobal
